PODS:
  - Alamofire (4.7.3)
  - Bolts (1.9.0):
    - Bolts/AppLinks (= 1.9.0)
    - Bolts/Tasks (= 1.9.0)
  - Bolts/AppLinks (1.9.0):
    - Bolts/Tasks
  - Bolts/Tasks (1.9.0)
  - FBSDKCoreKit (4.33.0):
    - Bolts (~> 1.7)
  - FBSDKLoginKit (4.33.0):
    - FBSDKCoreKit
  - KakaoOpenSDK (1.9.0):
    - KakaoOpenSDK/KakaoCommon (= 1.9.0)
    - KakaoOpenSDK/KakaoLink (= 1.9.0)
    - KakaoOpenSDK/KakaoMessageTemplate (= 1.9.0)
    - KakaoOpenSDK/KakaoNavi (= 1.9.0)
    - KakaoOpenSDK/KakaoOpenSDK (= 1.9.0)
    - KakaoOpenSDK/KakaoS2 (= 1.9.0)
  - KakaoOpenSDK/KakaoCommon (1.9.0)
  - KakaoOpenSDK/KakaoLink (1.9.0):
    - KakaoOpenSDK/KakaoCommon
  - KakaoOpenSDK/KakaoMessageTemplate (1.9.0)
  - KakaoOpenSDK/KakaoNavi (1.9.0):
    - KakaoOpenSDK/KakaoCommon
  - KakaoOpenSDK/KakaoOpenSDK (1.9.0)
  - KakaoOpenSDK/KakaoS2 (1.9.0):
    - KakaoOpenSDK/KakaoCommon
  - SwiftInstagram (1.1.1):
    - SwiftInstagram/Core (= 1.1.1)
  - SwiftInstagram/Core (1.1.1)

DEPENDENCIES:
  - Alamofire (~> 4.7)
  - FBSDKCoreKit
  - FBSDKLoginKit
  - KakaoOpenSDK (~> 1.9)
  - SwiftInstagram (~> 1.1.1)

SPEC REPOS:
  https://github.com/cocoapods/specs.git:
    - Alamofire
    - Bolts
    - FBSDKCoreKit
    - FBSDKLoginKit
    - KakaoOpenSDK
    - SwiftInstagram

SPEC CHECKSUMS:
  Alamofire: c7287b6e5d7da964a70935e5db17046b7fde6568
  Bolts: ac6567323eac61e203f6a9763667d0f711be34c8
  FBSDKCoreKit: 572b047a7e029bc44542bcf8a59414e7ff2b543e
  FBSDKLoginKit: 88cb456349cfb3b554427ce4f8b43729d85dfb40
  KakaoOpenSDK: 6d658510bf1e51dd8765ad000130138407c72612
  SwiftInstagram: 5f60415e522d1a7721073eb3a66f254a7c40fd63

PODFILE CHECKSUM: d10df78c6d6819a5a88fc020f9cd05ec14511ea6

COCOAPODS: 1.5.2
