PODS:
  - Alamofire (4.7.3)
  - Bolts (1.9.0):
    - Bolts/AppLinks (= 1.9.0)
    - Bolts/Tasks (= 1.9.0)
  - Bolts/AppLinks (1.9.0):
    - Bolts/Tasks
  - Bolts/Tasks (1.9.0)
  - FBSDKCoreKit (4.35.0):
    - Bolts (~> 1.7)
  - FBSDKLoginKit (4.35.0):
    - FBSDKCoreKit
  - KakaoOpenSDK (1.9.0):
    - KakaoOpenSDK/KakaoCommon (= 1.9.0)
    - KakaoOpenSDK/KakaoLink (= 1.9.0)
    - KakaoOpenSDK/KakaoMessageTemplate (= 1.9.0)
    - KakaoOpenSDK/KakaoNavi (= 1.9.0)
    - KakaoOpenSDK/KakaoOpenSDK (= 1.9.0)
    - KakaoOpenSDK/KakaoS2 (= 1.9.0)
  - KakaoOpenSDK/KakaoCommon (1.9.0)
  - KakaoOpenSDK/KakaoLink (1.9.0):
    - KakaoOpenSDK/KakaoCommon
  - KakaoOpenSDK/KakaoMessageTemplate (1.9.0)
  - KakaoOpenSDK/KakaoNavi (1.9.0):
    - KakaoOpenSDK/KakaoCommon
  - KakaoOpenSDK/KakaoOpenSDK (1.9.0)
  - KakaoOpenSDK/KakaoS2 (1.9.0):
    - KakaoOpenSDK/KakaoCommon
  - SwiftInstagram (1.1.1):
    - SwiftInstagram/Core (= 1.1.1)
  - SwiftInstagram/Core (1.1.1)
  - Toaster (2.1.1)
  - XLPagerTabStrip (8.0.1)

DEPENDENCIES:
  - Alamofire (~> 4.7)
  - FBSDKCoreKit
  - FBSDKLoginKit
  - KakaoOpenSDK
  - SwiftInstagram (~> 1.1.1)
  - Toaster
  - XLPagerTabStrip (~> 8.0)

SPEC REPOS:
  https://github.com/cocoapods/specs.git:
    - Alamofire
    - Bolts
    - FBSDKCoreKit
    - FBSDKLoginKit
    - KakaoOpenSDK
    - SwiftInstagram
    - Toaster
    - XLPagerTabStrip

SPEC CHECKSUMS:
  Alamofire: c7287b6e5d7da964a70935e5db17046b7fde6568
  Bolts: ac6567323eac61e203f6a9763667d0f711be34c8
  FBSDKCoreKit: 1a5b2e3ceb5ca827a53c54aa5f4a3480efff80d2
  FBSDKLoginKit: 00a3d65d1226852f9d76dcddff01981e5e6d9c38
  KakaoOpenSDK: 6d658510bf1e51dd8765ad000130138407c72612
  SwiftInstagram: 5f60415e522d1a7721073eb3a66f254a7c40fd63
  Toaster: a6c9532de1ded8105e77376f7dffeb2e12b46dbb
  XLPagerTabStrip: c908b17cbf42fcd2598ee1adfc49bae25444d88a

PODFILE CHECKSUM: f125b8271153be6d21902553a6b61918ef6d702b

COCOAPODS: 1.5.3
